// !$*UTF8*$!
{
	archiveVersion = 1;
	classes = {
	};
	objectVersion = 50;
	objects = {

/* Begin PBXBuildFile section */
		7DF2155624A4A15700E56A53 /* LargeImageViewController.swift in Sources */ = {isa = PBXBuildFile; fileRef = 7DF2155524A4A15700E56A53 /* LargeImageViewController.swift */; };
		7DFAAE0D24A339F20098656B /* AppDelegate.swift in Sources */ = {isa = PBXBuildFile; fileRef = 7DFAAE0C24A339F20098656B /* AppDelegate.swift */; };
		7DFAAE0F24A339F20098656B /* SceneDelegate.swift in Sources */ = {isa = PBXBuildFile; fileRef = 7DFAAE0E24A339F20098656B /* SceneDelegate.swift */; };
		7DFAAE1424A339F30098656B /* Main.storyboard in Resources */ = {isa = PBXBuildFile; fileRef = 7DFAAE1224A339F20098656B /* Main.storyboard */; };
		7DFAAE1724A339F30098656B /* Progress_Journal.xcdatamodeld in Sources */ = {isa = PBXBuildFile; fileRef = 7DFAAE1524A339F30098656B /* Progress_Journal.xcdatamodeld */; };
		7DFAAE1924A339F50098656B /* Assets.xcassets in Resources */ = {isa = PBXBuildFile; fileRef = 7DFAAE1824A339F50098656B /* Assets.xcassets */; };
		7DFAAE1C24A339F50098656B /* LaunchScreen.storyboard in Resources */ = {isa = PBXBuildFile; fileRef = 7DFAAE1A24A339F50098656B /* LaunchScreen.storyboard */; };
		7DFAAE2424A35BDE0098656B /* ProgressUpdateTableViewController.swift in Sources */ = {isa = PBXBuildFile; fileRef = 7DFAAE2324A35BDE0098656B /* ProgressUpdateTableViewController.swift */; };
		7DFAAE2624A35BFD0098656B /* CreateProgressUpdateViewController.swift in Sources */ = {isa = PBXBuildFile; fileRef = 7DFAAE2524A35BFD0098656B /* CreateProgressUpdateViewController.swift */; };
/* End PBXBuildFile section */

/* Begin PBXFileReference section */
		7DF2155524A4A15700E56A53 /* LargeImageViewController.swift */ = {isa = PBXFileReference; lastKnownFileType = sourcecode.swift; path = LargeImageViewController.swift; sourceTree = "<group>"; };
		7DFAAE0924A339F20098656B /* Progress Journal.app */ = {isa = PBXFileReference; explicitFileType = wrapper.application; includeInIndex = 0; path = "Progress Journal.app"; sourceTree = BUILT_PRODUCTS_DIR; };
		7DFAAE0C24A339F20098656B /* AppDelegate.swift */ = {isa = PBXFileReference; lastKnownFileType = sourcecode.swift; path = AppDelegate.swift; sourceTree = "<group>"; };
		7DFAAE0E24A339F20098656B /* SceneDelegate.swift */ = {isa = PBXFileReference; lastKnownFileType = sourcecode.swift; path = SceneDelegate.swift; sourceTree = "<group>"; };
		7DFAAE1324A339F20098656B /* Base */ = {isa = PBXFileReference; lastKnownFileType = file.storyboard; name = Base; path = Base.lproj/Main.storyboard; sourceTree = "<group>"; };
		7DFAAE1624A339F30098656B /* Progress_Journal.xcdatamodel */ = {isa = PBXFileReference; lastKnownFileType = wrapper.xcdatamodel; path = Progress_Journal.xcdatamodel; sourceTree = "<group>"; };
		7DFAAE1824A339F50098656B /* Assets.xcassets */ = {isa = PBXFileReference; lastKnownFileType = folder.assetcatalog; path = Assets.xcassets; sourceTree = "<group>"; };
		7DFAAE1B24A339F50098656B /* Base */ = {isa = PBXFileReference; lastKnownFileType = file.storyboard; name = Base; path = Base.lproj/LaunchScreen.storyboard; sourceTree = "<group>"; };
		7DFAAE1D24A339F50098656B /* Info.plist */ = {isa = PBXFileReference; lastKnownFileType = text.plist.xml; path = Info.plist; sourceTree = "<group>"; };
		7DFAAE2324A35BDE0098656B /* ProgressUpdateTableViewController.swift */ = {isa = PBXFileReference; lastKnownFileType = sourcecode.swift; path = ProgressUpdateTableViewController.swift; sourceTree = "<group>"; };
		7DFAAE2524A35BFD0098656B /* CreateProgressUpdateViewController.swift */ = {isa = PBXFileReference; lastKnownFileType = sourcecode.swift; path = CreateProgressUpdateViewController.swift; sourceTree = "<group>"; };
/* End PBXFileReference section */

/* Begin PBXFrameworksBuildPhase section */
		7DFAAE0624A339F20098656B /* Frameworks */ = {
			isa = PBXFrameworksBuildPhase;
			buildActionMask = 2147483647;
			files = (
			);
			runOnlyForDeploymentPostprocessing = 0;
		};
/* End PBXFrameworksBuildPhase section */

/* Begin PBXGroup section */
		7DFAAE0024A339F20098656B = {
			isa = PBXGroup;
			children = (
				7DFAAE0B24A339F20098656B /* Progress Journal */,
				7DFAAE0A24A339F20098656B /* Products */,
			);
			sourceTree = "<group>";
		};
		7DFAAE0A24A339F20098656B /* Products */ = {
			isa = PBXGroup;
			children = (
				7DFAAE0924A339F20098656B /* Progress Journal.app */,
			);
			name = Products;
			sourceTree = "<group>";
		};
		7DFAAE0B24A339F20098656B /* Progress Journal */ = {
			isa = PBXGroup;
			children = (
				7DFAAE0C24A339F20098656B /* AppDelegate.swift */,
				7DFAAE0E24A339F20098656B /* SceneDelegate.swift */,
				7DFAAE1224A339F20098656B /* Main.storyboard */,
				7DFAAE2324A35BDE0098656B /* ProgressUpdateTableViewController.swift */,
				7DFAAE2524A35BFD0098656B /* CreateProgressUpdateViewController.swift */,
				7DF2155524A4A15700E56A53 /* LargeImageViewController.swift */,
				7DFAAE1824A339F50098656B /* Assets.xcassets */,
				7DFAAE1A24A339F50098656B /* LaunchScreen.storyboard */,
				7DFAAE1D24A339F50098656B /* Info.plist */,
				7DFAAE1524A339F30098656B /* Progress_Journal.xcdatamodeld */,
			);
			path = "Progress Journal";
			sourceTree = "<group>";
		};
/* End PBXGroup section */

/* Begin PBXNativeTarget section */
		7DFAAE0824A339F20098656B /* Progress Journal */ = {
			isa = PBXNativeTarget;
			buildConfigurationList = 7DFAAE2024A339F50098656B /* Build configuration list for PBXNativeTarget "Progress Journal" */;
			buildPhases = (
				7DFAAE0524A339F20098656B /* Sources */,
				7DFAAE0624A339F20098656B /* Frameworks */,
				7DFAAE0724A339F20098656B /* Resources */,
			);
			buildRules = (
			);
			dependencies = (
			);
			name = "Progress Journal";
			productName = "Progress Journal";
			productReference = 7DFAAE0924A339F20098656B /* Progress Journal.app */;
			productType = "com.apple.product-type.application";
		};
/* End PBXNativeTarget section */

/* Begin PBXProject section */
		7DFAAE0124A339F20098656B /* Project object */ = {
			isa = PBXProject;
			attributes = {
				LastSwiftUpdateCheck = 1150;
				LastUpgradeCheck = 1150;
				ORGANIZATIONNAME = Waageweb;
				TargetAttributes = {
					7DFAAE0824A339F20098656B = {
						CreatedOnToolsVersion = 11.5;
					};
				};
			};
			buildConfigurationList = 7DFAAE0424A339F20098656B /* Build configuration list for PBXProject "Progress Journal" */;
			compatibilityVersion = "Xcode 9.3";
			developmentRegion = en;
			hasScannedForEncodings = 0;
			knownRegions = (
				en,
				Base,
			);
			mainGroup = 7DFAAE0024A339F20098656B;
			productRefGroup = 7DFAAE0A24A339F20098656B /* Products */;
			projectDirPath = "";
			projectRoot = "";
			targets = (
				7DFAAE0824A339F20098656B /* Progress Journal */,
			);
		};
/* End PBXProject section */

/* Begin PBXResourcesBuildPhase section */
		7DFAAE0724A339F20098656B /* Resources */ = {
			isa = PBXResourcesBuildPhase;
			buildActionMask = 2147483647;
			files = (
				7DFAAE1C24A339F50098656B /* LaunchScreen.storyboard in Resources */,
				7DFAAE1924A339F50098656B /* Assets.xcassets in Resources */,
				7DFAAE1424A339F30098656B /* Main.storyboard in Resources */,
			);
			runOnlyForDeploymentPostprocessing = 0;
		};
/* End PBXResourcesBuildPhase section */

/* Begin PBXSourcesBuildPhase section */
		7DFAAE0524A339F20098656B /* Sources */ = {
			isa = PBXSourcesBuildPhase;
			buildActionMask = 2147483647;
			files = (
				7DFAAE1724A339F30098656B /* Progress_Journal.xcdatamodeld in Sources */,
				7DFAAE2424A35BDE0098656B /* ProgressUpdateTableViewController.swift in Sources */,
				7DF2155624A4A15700E56A53 /* LargeImageViewController.swift in Sources */,
				7DFAAE2624A35BFD0098656B /* CreateProgressUpdateViewController.swift in Sources */,
				7DFAAE0D24A339F20098656B /* AppDelegate.swift in Sources */,
				7DFAAE0F24A339F20098656B /* SceneDelegate.swift in Sources */,
			);
			runOnlyForDeploymentPostprocessing = 0;
		};
/* End PBXSourcesBuildPhase section */

/* Begin PBXVariantGroup section */
		7DFAAE1224A339F20098656B /* Main.storyboard */ = {
			isa = PBXVariantGroup;
			children = (
				7DFAAE1324A339F20098656B /* Base */,
			);
			name = Main.storyboard;
			sourceTree = "<group>";
		};
		7DFAAE1A24A339F50098656B /* LaunchScreen.storyboard */ = {
			isa = PBXVariantGroup;
			children = (
				7DFAAE1B24A339F50098656B /* Base */,
			);
			name = LaunchScreen.storyboard;
			sourceTree = "<group>";
		};
/* End PBXVariantGroup section */

/* Begin XCBuildConfiguration section */
		7DFAAE1E24A339F50098656B /* Debug */ = {
			isa = XCBuildConfiguration;
			buildSettings = {
				ALWAYS_SEARCH_USER_PATHS = NO;
				CLANG_ANALYZER_NONNULL = YES;
				CLANG_ANALYZER_NUMBER_OBJECT_CONVERSION = YES_AGGRESSIVE;
				CLANG_CXX_LANGUAGE_STANDARD = "gnu++14";
				CLANG_CXX_LIBRARY = "libc++";
				CLANG_ENABLE_MODULES = YES;
				CLANG_ENABLE_OBJC_ARC = YES;
				CLANG_ENABLE_OBJC_WEAK = YES;
				CLANG_WARN_BLOCK_CAPTURE_AUTORELEASING = YES;
				CLANG_WARN_BOOL_CONVERSION = YES;
				CLANG_WARN_COMMA = YES;
				CLANG_WARN_CONSTANT_CONVERSION = YES;
				CLANG_WARN_DEPRECATED_OBJC_IMPLEMENTATIONS = YES;
				CLANG_WARN_DIRECT_OBJC_ISA_USAGE = YES_ERROR;
				CLANG_WARN_DOCUMENTATION_COMMENTS = YES;
				CLANG_WARN_EMPTY_BODY = YES;
				CLANG_WARN_ENUM_CONVERSION = YES;
				CLANG_WARN_INFINITE_RECURSION = YES;
				CLANG_WARN_INT_CONVERSION = YES;
				CLANG_WARN_NON_LITERAL_NULL_CONVERSION = YES;
				CLANG_WARN_OBJC_IMPLICIT_RETAIN_SELF = YES;
				CLANG_WARN_OBJC_LITERAL_CONVERSION = YES;
				CLANG_WARN_OBJC_ROOT_CLASS = YES_ERROR;
				CLANG_WARN_RANGE_LOOP_ANALYSIS = YES;
				CLANG_WARN_STRICT_PROTOTYPES = YES;
				CLANG_WARN_SUSPICIOUS_MOVE = YES;
				CLANG_WARN_UNGUARDED_AVAILABILITY = YES_AGGRESSIVE;
				CLANG_WARN_UNREACHABLE_CODE = YES;
				CLANG_WARN__DUPLICATE_METHOD_MATCH = YES;
				COPY_PHASE_STRIP = NO;
				DEBUG_INFORMATION_FORMAT = dwarf;
				ENABLE_STRICT_OBJC_MSGSEND = YES;
				ENABLE_TESTABILITY = YES;
				GCC_C_LANGUAGE_STANDARD = gnu11;
				GCC_DYNAMIC_NO_PIC = NO;
				GCC_NO_COMMON_BLOCKS = YES;
				GCC_OPTIMIZATION_LEVEL = 0;
				GCC_PREPROCESSOR_DEFINITIONS = (
					"DEBUG=1",
					"$(inherited)",
				);
				GCC_WARN_64_TO_32_BIT_CONVERSION = YES;
				GCC_WARN_ABOUT_RETURN_TYPE = YES_ERROR;
				GCC_WARN_UNDECLARED_SELECTOR = YES;
				GCC_WARN_UNINITIALIZED_AUTOS = YES_AGGRESSIVE;
				GCC_WARN_UNUSED_FUNCTION = YES;
				GCC_WARN_UNUSED_VARIABLE = YES;
				IPHONEOS_DEPLOYMENT_TARGET = 13.5;
				MTL_ENABLE_DEBUG_INFO = INCLUDE_SOURCE;
				MTL_FAST_MATH = YES;
				ONLY_ACTIVE_ARCH = YES;
				SDKROOT = iphoneos;
				SWIFT_ACTIVE_COMPILATION_CONDITIONS = DEBUG;
				SWIFT_OPTIMIZATION_LEVEL = "-Onone";
			};
			name = Debug;
		};
		7DFAAE1F24A339F50098656B /* Release */ = {
			isa = XCBuildConfiguration;
			buildSettings = {
				ALWAYS_SEARCH_USER_PATHS = NO;
				CLANG_ANALYZER_NONNULL = YES;
				CLANG_ANALYZER_NUMBER_OBJECT_CONVERSION = YES_AGGRESSIVE;
				CLANG_CXX_LANGUAGE_STANDARD = "gnu++14";
				CLANG_CXX_LIBRARY = "libc++";
				CLANG_ENABLE_MODULES = YES;
				CLANG_ENABLE_OBJC_ARC = YES;
				CLANG_ENABLE_OBJC_WEAK = YES;
				CLANG_WARN_BLOCK_CAPTURE_AUTORELEASING = YES;
				CLANG_WARN_BOOL_CONVERSION = YES;
				CLANG_WARN_COMMA = YES;
				CLANG_WARN_CONSTANT_CONVERSION = YES;
				CLANG_WARN_DEPRECATED_OBJC_IMPLEMENTATIONS = YES;
				CLANG_WARN_DIRECT_OBJC_ISA_USAGE = YES_ERROR;
				CLANG_WARN_DOCUMENTATION_COMMENTS = YES;
				CLANG_WARN_EMPTY_BODY = YES;
				CLANG_WARN_ENUM_CONVERSION = YES;
				CLANG_WARN_INFINITE_RECURSION = YES;
				CLANG_WARN_INT_CONVERSION = YES;
				CLANG_WARN_NON_LITERAL_NULL_CONVERSION = YES;
				CLANG_WARN_OBJC_IMPLICIT_RETAIN_SELF = YES;
				CLANG_WARN_OBJC_LITERAL_CONVERSION = YES;
				CLANG_WARN_OBJC_ROOT_CLASS = YES_ERROR;
				CLANG_WARN_RANGE_LOOP_ANALYSIS = YES;
				CLANG_WARN_STRICT_PROTOTYPES = YES;
				CLANG_WARN_SUSPICIOUS_MOVE = YES;
				CLANG_WARN_UNGUARDED_AVAILABILITY = YES_AGGRESSIVE;
				CLANG_WARN_UNREACHABLE_CODE = YES;
				CLANG_WARN__DUPLICATE_METHOD_MATCH = YES;
				COPY_PHASE_STRIP = NO;
				DEBUG_INFORMATION_FORMAT = "dwarf-with-dsym";
				ENABLE_NS_ASSERTIONS = NO;
				ENABLE_STRICT_OBJC_MSGSEND = YES;
				GCC_C_LANGUAGE_STANDARD = gnu11;
				GCC_NO_COMMON_BLOCKS = YES;
				GCC_WARN_64_TO_32_BIT_CONVERSION = YES;
				GCC_WARN_ABOUT_RETURN_TYPE = YES_ERROR;
				GCC_WARN_UNDECLARED_SELECTOR = YES;
				GCC_WARN_UNINITIALIZED_AUTOS = YES_AGGRESSIVE;
				GCC_WARN_UNUSED_FUNCTION = YES;
				GCC_WARN_UNUSED_VARIABLE = YES;
				IPHONEOS_DEPLOYMENT_TARGET = 13.5;
				MTL_ENABLE_DEBUG_INFO = NO;
				MTL_FAST_MATH = YES;
				SDKROOT = iphoneos;
				SWIFT_COMPILATION_MODE = wholemodule;
				SWIFT_OPTIMIZATION_LEVEL = "-O";
				VALIDATE_PRODUCT = YES;
			};
			name = Release;
		};
		7DFAAE2124A339F50098656B /* Debug */ = {
			isa = XCBuildConfiguration;
			buildSettings = {
				ASSETCATALOG_COMPILER_APPICON_NAME = AppIcon;
				CODE_SIGN_STYLE = Automatic;
				DEVELOPMENT_TEAM = CJ7844YXSM;
				INFOPLIST_FILE = "Progress Journal/Info.plist";
				LD_RUNPATH_SEARCH_PATHS = (
					"$(inherited)",
					"@executable_path/Frameworks",
				);
				PRODUCT_BUNDLE_IDENTIFIER = "com.waageweb.Progress-Journal";
				PRODUCT_NAME = "$(TARGET_NAME)";
				SWIFT_VERSION = 5.0;
				TARGETED_DEVICE_FAMILY = "1,2";
			};
			name = Debug;
		};
		7DFAAE2224A339F50098656B /* Release */ = {
			isa = XCBuildConfiguration;
			buildSettings = {
				ASSETCATALOG_COMPILER_APPICON_NAME = AppIcon;
				CODE_SIGN_STYLE = Automatic;
				DEVELOPMENT_TEAM = CJ7844YXSM;
				INFOPLIST_FILE = "Progress Journal/Info.plist";
				LD_RUNPATH_SEARCH_PATHS = (
					"$(inherited)",
					"@executable_path/Frameworks",
				);
				PRODUCT_BUNDLE_IDENTIFIER = "com.waageweb.Progress-Journal";
				PRODUCT_NAME = "$(TARGET_NAME)";
				SWIFT_VERSION = 5.0;
				TARGETED_DEVICE_FAMILY = "1,2";
			};
			name = Release;
		};
/* End XCBuildConfiguration section */

/* Begin XCConfigurationList section */
		7DFAAE0424A339F20098656B /* Build configuration list for PBXProject "Progress Journal" */ = {
			isa = XCConfigurationList;
			buildConfigurations = (
				7DFAAE1E24A339F50098656B /* Debug */,
				7DFAAE1F24A339F50098656B /* Release */,
			);
			defaultConfigurationIsVisible = 0;
			defaultConfigurationName = Release;
		};
		7DFAAE2024A339F50098656B /* Build configuration list for PBXNativeTarget "Progress Journal" */ = {
			isa = XCConfigurationList;
			buildConfigurations = (
				7DFAAE2124A339F50098656B /* Debug */,
				7DFAAE2224A339F50098656B /* Release */,
			);
			defaultConfigurationIsVisible = 0;
			defaultConfigurationName = Release;
		};
/* End XCConfigurationList section */

/* Begin XCVersionGroup section */
		7DFAAE1524A339F30098656B /* Progress_Journal.xcdatamodeld */ = {
			isa = XCVersionGroup;
			children = (
				7DFAAE1624A339F30098656B /* Progress_Journal.xcdatamodel */,
			);
			currentVersion = 7DFAAE1624A339F30098656B /* Progress_Journal.xcdatamodel */;
			path = Progress_Journal.xcdatamodeld;
			sourceTree = "<group>";
			versionGroupType = wrapper.xcdatamodel;
		};
/* End XCVersionGroup section */
	};
	rootObject = 7DFAAE0124A339F20098656B /* Project object */;
}
